
Microsoft Visual Studio Solution File, Format Version 12.00
# Visual Studio Version 16
VisualStudioVersion = 16.0.29409.12
MinimumVisualStudioVersion = 10.0.40219.1
Project("{FAE04EC0-301F-11D3-BF4B-00C04F79EFBC}") = "ExampleTest", "ExampleTest\ExampleTest.csproj", "{977BB7FB-FCD8-454B-94D2-C68730B9F175}"
EndProject
Global
	GlobalSection(SolutionConfigurationPlatforms) = preSolution
		Debug|Any CPU = Debug|Any CPU
		Release|Any CPU = Release|Any CPU
	EndGlobalSection
	GlobalSection(ProjectConfigurationPlatforms) = postSolution
		{977BB7FB-FCD8-454B-94D2-C68730B9F175}.Debug|Any CPU.ActiveCfg = Debug|Any CPU
		{977BB7FB-FCD8-454B-94D2-C68730B9F175}.Debug|Any CPU.Build.0 = Debug|Any CPU
		{977BB7FB-FCD8-454B-94D2-C68730B9F175}.Release|Any CPU.ActiveCfg = Release|Any CPU
		{977BB7FB-FCD8-454B-94D2-C68730B9F175}.Release|Any CPU.Build.0 = Release|Any CPU
	EndGlobalSection
	GlobalSection(SolutionProperties) = preSolution
		HideSolutionNode = FALSE
	EndGlobalSection
	GlobalSection(ExtensibilityGlobals) = postSolution
		SolutionGuid = {DFE6E08A-16DC-4803-B244-1520CBC22227}
	EndGlobalSection
EndGlobal
